# THIS IS AN AUTOGENERATED FILE. DO NOT EDIT THIS FILE DIRECTLY.
# yarn lockfile v1


"@iota/bundle-validator@^1.0.0-beta.8":
  version "1.0.0-beta.8"
  resolved "https://registry.yarnpkg.com/@iota/bundle-validator/-/bundle-validator-1.0.0-beta.8.tgz#fba3fecbfea6bacf7e976a1aad13b31ff545cb5a"
  integrity sha512-f2CfwVYQD1OQnLn2YpANCrux3pMduN362lugSv2BInFpQCkRe3kCuEWRzj60bvz7wSV3Aw+uG5y+iYCvhbNv2g==
  dependencies:
    "@iota/converter" "^1.0.0-beta.8"
    "@iota/kerl" "^1.0.0-beta.8"
    "@iota/signing" "^1.0.0-beta.8"
    "@iota/transaction" "^1.0.0-beta.8"
    "@iota/transaction-converter" "^1.0.0-beta.8"

"@iota/bundle@^1.0.0-beta.8":
  version "1.0.0-beta.8"
  resolved "https://registry.yarnpkg.com/@iota/bundle/-/bundle-1.0.0-beta.8.tgz#fef88da9859d66d76e986507a86c57231bb5981f"
  integrity sha512-9P/ZSywDYko7emH+xmqzZ1nWQ8ZR10WQ+qKHCMKzU9bPJPtUIkxddlM/MlGrOaYq+9uAxeI3A9bjTlCasG1F1Q==
  dependencies:
    "@iota/converter" "^1.0.0-beta.8"
    "@iota/kerl" "^1.0.0-beta.8"
    "@iota/pad" "^1.0.0-beta.8"
    "@iota/signing" "^1.0.0-beta.8"

"@iota/checksum@^1.0.0-beta.8":
  version "1.0.0-beta.8"
  resolved "https://registry.yarnpkg.com/@iota/checksum/-/checksum-1.0.0-beta.8.tgz#214a30dfbc158e5d1a212d249056eeea6b561ddf"
  integrity sha512-+FCYeYHN0r6/uf2qO5d1V0+HhAXNK6ppOUn/hxSW6ec4LwU4bEKGUbgJqvPqCMl6VM7nDddpWymi7z53IXPMmg==
  dependencies:
    "@iota/converter" "^1.0.0-beta.8"
    "@iota/kerl" "^1.0.0-beta.8"

"@iota/converter@^1.0.0-beta.8":
  version "1.0.0-beta.8"
  resolved "https://registry.yarnpkg.com/@iota/converter/-/converter-1.0.0-beta.8.tgz#498d8978db307de6a428547a4b5151727106b88f"
  integrity sha512-XRkHSpo2ryVLKhYKszQ99UdoBieH4P/4i8oryCTDcWh7YGYXlobFe24XvZcTm8l80e3QtzfMk6AWZQ8rTC2ejg==

"@iota/core@^1.0.0-beta.8":
  version "1.0.0-beta.8"
  resolved "https://registry.yarnpkg.com/@iota/core/-/core-1.0.0-beta.8.tgz#1276c952345e0063668d4b1889b9b54539313f27"
  integrity sha512-vFGt0O5giVz/K9lEoBpIZ6Vlh0uXeJpQJC1j81MDdBpR6YFyxFgYV2pNv/YP+Z0JbuAJBRd4l5499p5YjJQd8g==
  dependencies:
    "@iota/bundle" "^1.0.0-beta.8"
    "@iota/bundle-validator" "^1.0.0-beta.8"
    "@iota/checksum" "^1.0.0-beta.8"
    "@iota/converter" "^1.0.0-beta.8"
    "@iota/curl" "^1.0.0-beta.8"
    "@iota/http-client" "^1.0.0-beta.8"
    "@iota/kerl" "^1.0.0-beta.8"
    "@iota/pad" "^1.0.0-beta.8"
    "@iota/signing" "^1.0.0-beta.8"
    "@iota/transaction" "^1.0.0-beta.8"
    "@iota/transaction-converter" "^1.0.0-beta.8"
    "@types/bluebird" "^3.5.25"
    bluebird "^3.5.1"

"@iota/curl@^1.0.0-beta.8":
  version "1.0.0-beta.8"
  resolved "https://registry.yarnpkg.com/@iota/curl/-/curl-1.0.0-beta.8.tgz#e2ddbd1c70197b021ba1bb00dd126e05ea432d86"
  integrity sha512-Vn4NzF64GSFcQObWB3FawGo5SMbX3A+mUJlyva0+ikVpjtXw+6265XnXYCHYzePggB2frhZVq50pYbhrtokYfQ==

"@iota/http-client@^1.0.0-beta.8":
  version "1.0.0-beta.8"
  resolved "https://registry.yarnpkg.com/@iota/http-client/-/http-client-1.0.0-beta.8.tgz#e8ec91955dad9845d165a671c0e973d52e274be8"
  integrity sha512-SWWB/FXWzYjdIW5h/LA0TknlVgJ6Guy3iiPWP2hn29l3Qwf4fUMcBUtSRuFjTotS7GDbLSfHW6+bi7TvDQ9wWQ==
  dependencies:
    "@types/bluebird" "^3.5.25"
    bluebird "^3.5.1"
    cross-fetch "^3.0.0"

"@iota/kerl@^1.0.0-beta.8":
  version "1.0.0-beta.8"
  resolved "https://registry.yarnpkg.com/@iota/kerl/-/kerl-1.0.0-beta.8.tgz#698f5ed25005481823a8f68424616357bcdda74d"
  integrity sha512-GAau2oQmqC4erx5m3r6etbveOXfu/HFZ/m0lIyAihZwBdXaZ4+nRsO/ItTFqGBB2fv6uRh79MYtYOr+42UuG3Q==
  dependencies:
    "@types/crypto-js" "^3.1.38"
    crypto-js "^3.1.9-1"

"@iota/pad@^1.0.0-beta.8":
  version "1.0.0-beta.8"
  resolved "https://registry.yarnpkg.com/@iota/pad/-/pad-1.0.0-beta.8.tgz#a8e3483ecb918ea973df233c38b8c132d0af99ae"
  integrity sha512-INXGNATAmnNEruLbbCe13D73dhLZAu8kfckEKOCo+WjVNNdjPwGtIVxXPx7hhXhXHnFeSy6Tww96XSakILM3lw==

"@iota/signing@^1.0.0-beta.8":
  version "1.0.0-beta.8"
  resolved "https://registry.yarnpkg.com/@iota/signing/-/signing-1.0.0-beta.8.tgz#dd49a636f29179f9e4e776ed5c0f14cdbebf0def"
  integrity sha512-V2TfO2LiodiL/PQWvKYhZB05yTimetArq8iBymn6JeG06PRDNedahNlEVKS+8jiZblcgkE/HeNYDCeZ+s05jDg==
  dependencies:
    "@iota/converter" "^1.0.0-beta.8"
    "@iota/kerl" "^1.0.0-beta.8"
    "@iota/pad" "^1.0.0-beta.8"

"@iota/transaction-converter@^1.0.0-beta.8":
  version "1.0.0-beta.8"
  resolved "https://registry.yarnpkg.com/@iota/transaction-converter/-/transaction-converter-1.0.0-beta.8.tgz#2a64a346e37298bb63ec2e2b11a6dbe8925578c2"
  integrity sha512-SK+sNn4wda1AVY5tuxLBu1lUfxTkOsHgLj0CqyrArjvEQud1SJ8sE3y6kPOr3p9ZflSRbbtCXynqzUFNWucy3Q==
  dependencies:
    "@iota/converter" "^1.0.0-beta.8"
    "@iota/pad" "^1.0.0-beta.8"
    "@iota/transaction" "^1.0.0-beta.8"

"@iota/transaction@^1.0.0-beta.8":
  version "1.0.0-beta.8"
  resolved "https://registry.yarnpkg.com/@iota/transaction/-/transaction-1.0.0-beta.8.tgz#830553e2c867b6096ac8e9374c8cea75a0b4efcb"
  integrity sha512-S2TYRHUnLPuOBBtWm74I8v/t3SUCHkUPxnHauzWk85zt9ModVPixMi5EGfqVPK40k2IuEFSe9Vi8Rjx0BMOGCw==
  dependencies:
    "@iota/converter" "^1.0.0-beta.8"
    "@iota/curl" "^1.0.0-beta.8"

"@types/bluebird@^3.5.25":
  version "3.5.25"
  resolved "https://registry.yarnpkg.com/@types/bluebird/-/bluebird-3.5.25.tgz#59188b871208092e37767e4b3d80c3b3eaae43bd"
  integrity sha512-yfhIBix+AIFTmYGtkC0Bi+XGjSkOINykqKvO/Wqdz/DuXlAKK7HmhLAXdPIGsV4xzKcL3ev/zYc4yLNo+OvGaw==

"@types/crypto-js@^3.1.38":
  version "3.1.43"
  resolved "https://registry.yarnpkg.com/@types/crypto-js/-/crypto-js-3.1.43.tgz#b859347d6289ba13e347c335a4c9efa63337a748"
  integrity sha512-EHe/YKctU3IYNBsDmSOPX/7jLHPRlx8WaiDKSY9JCTnJ8XJeM4c0ZJvx+9Gxmr2s2ihI92R+3U/gNL1sq5oRuQ==

bluebird@^3.5.1:
  version "3.5.3"
  resolved "https://registry.yarnpkg.com/bluebird/-/bluebird-3.5.3.tgz#7d01c6f9616c9a51ab0f8c549a79dfe6ec33efa7"
  integrity sha512-/qKPUQlaW1OyR51WeCPBvRnAlnZFUJkCSG5HzGnuIqhgyJtF+T94lFnn33eiazjRm2LAHVy2guNnaq48X9SJuw==

cross-fetch@^3.0.0:
  version "3.0.1"
  resolved "https://registry.yarnpkg.com/cross-fetch/-/cross-fetch-3.0.1.tgz#3f207bbd829a76e9aa2a953348bd1f2a3cf388a7"
  integrity sha512-qWtpgBAF8ioqBOddRD+pHhrdzm/UWOArkrlIU7c08DlNbOxo5GfUbSY2vr90ZypWf0raW+HNN1F38pi5CEOjiQ==
  dependencies:
    node-fetch "2.3.0"
    whatwg-fetch "3.0.0"

crypto-js@^3.1.9-1:
  version "3.1.9-1"
  resolved "https://registry.yarnpkg.com/crypto-js/-/crypto-js-3.1.9-1.tgz#fda19e761fc077e01ffbfdc6e9fdfc59e8806cd8"
  integrity sha1-/aGedh/Ad+Af+/3G6f38WeiAbNg=

node-fetch@2.3.0:
  version "2.3.0"
  resolved "https://registry.yarnpkg.com/node-fetch/-/node-fetch-2.3.0.tgz#1a1d940bbfb916a1d3e0219f037e89e71f8c5fa5"
  integrity sha512-MOd8pV3fxENbryESLgVIeaGKrdl+uaYhCSSVkjeOb/31/njTpcis5aWfdqgNlHIrKOLRbMnfPINPOML2CIFeXA==

whatwg-fetch@3.0.0:
  version "3.0.0"
  resolved "https://registry.yarnpkg.com/whatwg-fetch/-/whatwg-fetch-3.0.0.tgz#fc804e458cc460009b1a2b966bc8817d2578aefb"
  integrity sha512-9GSJUgz1D4MfyKU7KRqwOjXCXTqWdFNvEr7eUBYchQiVc744mqK/MzXPNR2WsPkmkOa4ywfg8C2n8h+13Bey1Q==
